
Microsoft Visual Studio Solution File, Format Version 12.00
# Visual Studio Version 17
VisualStudioVersion = 17.14.36127.28
MinimumVisualStudioVersion = 10.0.40219.1
Project("{FAE04EC0-301F-11D3-BF4B-00C04F79EFBC}") = "PrefetchCleanup", "PrefetchCleanup.csproj", "{F7028374-EE31-490D-9A37-5D9E8B8B8168}"
EndProject
Global
	GlobalSection(SolutionConfigurationPlatforms) = preSolution
		Debug|Any CPU = Debug|Any CPU
		Debug|x64 = Debug|x64
		Prefetch Cleaner|Any CPU = Prefetch Cleaner|Any CPU
		Prefetch Cleaner|x64 = Prefetch Cleaner|x64
		Release|Any CPU = Release|Any CPU
		Release|x64 = Release|x64
	EndGlobalSection
	GlobalSection(ProjectConfigurationPlatforms) = postSolution
		{F7028374-EE31-490D-9A37-5D9E8B8B8168}.Debug|Any CPU.ActiveCfg = Debug|Any CPU
		{F7028374-EE31-490D-9A37-5D9E8B8B8168}.Debug|Any CPU.Build.0 = Debug|Any CPU
		{F7028374-EE31-490D-9A37-5D9E8B8B8168}.Debug|x64.ActiveCfg = Debug|x64
		{F7028374-EE31-490D-9A37-5D9E8B8B8168}.Debug|x64.Build.0 = Debug|x64
		{F7028374-EE31-490D-9A37-5D9E8B8B8168}.Prefetch Cleaner|Any CPU.ActiveCfg = Prefetch Cleaner|Any CPU
		{F7028374-EE31-490D-9A37-5D9E8B8B8168}.Prefetch Cleaner|Any CPU.Build.0 = Prefetch Cleaner|Any CPU
		{F7028374-EE31-490D-9A37-5D9E8B8B8168}.Prefetch Cleaner|x64.ActiveCfg = Release|x64
		{F7028374-EE31-490D-9A37-5D9E8B8B8168}.Prefetch Cleaner|x64.Build.0 = Release|x64
		{F7028374-EE31-490D-9A37-5D9E8B8B8168}.Release|Any CPU.ActiveCfg = Release|Any CPU
		{F7028374-EE31-490D-9A37-5D9E8B8B8168}.Release|Any CPU.Build.0 = Release|Any CPU
		{F7028374-EE31-490D-9A37-5D9E8B8B8168}.Release|x64.ActiveCfg = Release|x64
		{F7028374-EE31-490D-9A37-5D9E8B8B8168}.Release|x64.Build.0 = Release|x64
	EndGlobalSection
	GlobalSection(SolutionProperties) = preSolution
		HideSolutionNode = FALSE
	EndGlobalSection
	GlobalSection(ExtensibilityGlobals) = postSolution
		SolutionGuid = {A7CC947D-3841-41EB-A385-B782120AA90C}
	EndGlobalSection
EndGlobal
